
Microsoft Visual Studio Solution File, Format Version 12.00
# Visual Studio 15
VisualStudioVersion = 15.0.27004.2006
MinimumVisualStudioVersion = 10.0.40219.1
Project("{FAE04EC0-301F-11D3-BF4B-00C04F79EFBC}") = "Employees.App", "Employees.App\Employees.App.csproj", "{CAA59EFE-AF76-4392-8F05-11494143DE4D}"
EndProject
Project("{FAE04EC0-301F-11D3-BF4B-00C04F79EFBC}") = "Employees.Data", "Employees.Data\Employees.Data.csproj", "{3E998ECD-7408-4301-BC44-3896730A57B0}"
EndProject
Project("{FAE04EC0-301F-11D3-BF4B-00C04F79EFBC}") = "Employees.Models", "Employees.Models\Employees.Models.csproj", "{CC8BC7F4-7D15-410C-A032-93A1964BDA13}"
EndProject
Project("{FAE04EC0-301F-11D3-BF4B-00C04F79EFBC}") = "Employees.Services", "Employees.Services\Employees.Services.csproj", "{C71EC2B2-B36C-4F2C-B9A6-46CE920F943F}"
EndProject
Project("{FAE04EC0-301F-11D3-BF4B-00C04F79EFBC}") = "Employees.DtoModels", "Employees.DtoModels\Employees.DtoModels.csproj", "{406A2FA1-7F7F-4952-8CF1-DB1CD3A992EE}"
EndProject
Global
	GlobalSection(SolutionConfigurationPlatforms) = preSolution
		Debug|Any CPU = Debug|Any CPU
		Release|Any CPU = Release|Any CPU
	EndGlobalSection
	GlobalSection(ProjectConfigurationPlatforms) = postSolution
		{CAA59EFE-AF76-4392-8F05-11494143DE4D}.Debug|Any CPU.ActiveCfg = Debug|Any CPU
		{CAA59EFE-AF76-4392-8F05-11494143DE4D}.Debug|Any CPU.Build.0 = Debug|Any CPU
		{CAA59EFE-AF76-4392-8F05-11494143DE4D}.Release|Any CPU.ActiveCfg = Release|Any CPU
		{CAA59EFE-AF76-4392-8F05-11494143DE4D}.Release|Any CPU.Build.0 = Release|Any CPU
		{3E998ECD-7408-4301-BC44-3896730A57B0}.Debug|Any CPU.ActiveCfg = Debug|Any CPU
		{3E998ECD-7408-4301-BC44-3896730A57B0}.Debug|Any CPU.Build.0 = Debug|Any CPU
		{3E998ECD-7408-4301-BC44-3896730A57B0}.Release|Any CPU.ActiveCfg = Release|Any CPU
		{3E998ECD-7408-4301-BC44-3896730A57B0}.Release|Any CPU.Build.0 = Release|Any CPU
		{CC8BC7F4-7D15-410C-A032-93A1964BDA13}.Debug|Any CPU.ActiveCfg = Debug|Any CPU
		{CC8BC7F4-7D15-410C-A032-93A1964BDA13}.Debug|Any CPU.Build.0 = Debug|Any CPU
		{CC8BC7F4-7D15-410C-A032-93A1964BDA13}.Release|Any CPU.ActiveCfg = Release|Any CPU
		{CC8BC7F4-7D15-410C-A032-93A1964BDA13}.Release|Any CPU.Build.0 = Release|Any CPU
		{C71EC2B2-B36C-4F2C-B9A6-46CE920F943F}.Debug|Any CPU.ActiveCfg = Debug|Any CPU
		{C71EC2B2-B36C-4F2C-B9A6-46CE920F943F}.Debug|Any CPU.Build.0 = Debug|Any CPU
		{C71EC2B2-B36C-4F2C-B9A6-46CE920F943F}.Release|Any CPU.ActiveCfg = Release|Any CPU
		{C71EC2B2-B36C-4F2C-B9A6-46CE920F943F}.Release|Any CPU.Build.0 = Release|Any CPU
		{406A2FA1-7F7F-4952-8CF1-DB1CD3A992EE}.Debug|Any CPU.ActiveCfg = Debug|Any CPU
		{406A2FA1-7F7F-4952-8CF1-DB1CD3A992EE}.Debug|Any CPU.Build.0 = Debug|Any CPU
		{406A2FA1-7F7F-4952-8CF1-DB1CD3A992EE}.Release|Any CPU.ActiveCfg = Release|Any CPU
		{406A2FA1-7F7F-4952-8CF1-DB1CD3A992EE}.Release|Any CPU.Build.0 = Release|Any CPU
	EndGlobalSection
	GlobalSection(SolutionProperties) = preSolution
		HideSolutionNode = FALSE
	EndGlobalSection
	GlobalSection(ExtensibilityGlobals) = postSolution
		SolutionGuid = {E69552C1-39F3-4CBE-8E21-282A6D6D50A8}
	EndGlobalSection
EndGlobal
