
Microsoft Visual Studio Solution File, Format Version 12.00
# Visual Studio 15
VisualStudioVersion = 15.0.27004.2006
MinimumVisualStudioVersion = 10.0.40219.1
Project("{FAE04EC0-301F-11D3-BF4B-00C04F79EFBC}") = "ProductsShop.App", "ProductsShop.App\ProductsShop.App.csproj", "{8CD5E73B-4221-448C-BBEC-9E8A01D76503}"
EndProject
Project("{FAE04EC0-301F-11D3-BF4B-00C04F79EFBC}") = "ProductsShop.Models", "ProductsShop.Models\ProductsShop.Models.csproj", "{95367EF0-39A4-4CF7-AD6F-1EFEF7DF80AA}"
EndProject
Project("{FAE04EC0-301F-11D3-BF4B-00C04F79EFBC}") = "ProductsShop.Data", "ProductsShop.Data\ProductsShop.Data.csproj", "{228E3DA8-192D-43BC-8AA8-02C427D2B795}"
EndProject
Global
	GlobalSection(SolutionConfigurationPlatforms) = preSolution
		Debug|Any CPU = Debug|Any CPU
		Release|Any CPU = Release|Any CPU
	EndGlobalSection
	GlobalSection(ProjectConfigurationPlatforms) = postSolution
		{8CD5E73B-4221-448C-BBEC-9E8A01D76503}.Debug|Any CPU.ActiveCfg = Debug|Any CPU
		{8CD5E73B-4221-448C-BBEC-9E8A01D76503}.Debug|Any CPU.Build.0 = Debug|Any CPU
		{8CD5E73B-4221-448C-BBEC-9E8A01D76503}.Release|Any CPU.ActiveCfg = Release|Any CPU
		{8CD5E73B-4221-448C-BBEC-9E8A01D76503}.Release|Any CPU.Build.0 = Release|Any CPU
		{95367EF0-39A4-4CF7-AD6F-1EFEF7DF80AA}.Debug|Any CPU.ActiveCfg = Debug|Any CPU
		{95367EF0-39A4-4CF7-AD6F-1EFEF7DF80AA}.Debug|Any CPU.Build.0 = Debug|Any CPU
		{95367EF0-39A4-4CF7-AD6F-1EFEF7DF80AA}.Release|Any CPU.ActiveCfg = Release|Any CPU
		{95367EF0-39A4-4CF7-AD6F-1EFEF7DF80AA}.Release|Any CPU.Build.0 = Release|Any CPU
		{228E3DA8-192D-43BC-8AA8-02C427D2B795}.Debug|Any CPU.ActiveCfg = Debug|Any CPU
		{228E3DA8-192D-43BC-8AA8-02C427D2B795}.Debug|Any CPU.Build.0 = Debug|Any CPU
		{228E3DA8-192D-43BC-8AA8-02C427D2B795}.Release|Any CPU.ActiveCfg = Release|Any CPU
		{228E3DA8-192D-43BC-8AA8-02C427D2B795}.Release|Any CPU.Build.0 = Release|Any CPU
	EndGlobalSection
	GlobalSection(SolutionProperties) = preSolution
		HideSolutionNode = FALSE
	EndGlobalSection
	GlobalSection(ExtensibilityGlobals) = postSolution
		SolutionGuid = {4CF3FAA0-9870-410A-9BB2-81AC51B14016}
	EndGlobalSection
EndGlobal
